
Microsoft Visual Studio Solution File, Format Version 12.00
# Visual Studio Version 17
VisualStudioVersion = 17.0.32112.339
MinimumVisualStudioVersion = 10.0.40219.1
Project("{9A19103F-16F7-4668-BE54-9A1E7A4F7556}") = "OrderService", "OrderService\OrderService.csproj", "{2D0604D7-C693-4FC5-B9AD-2C21BBE18E12}"
EndProject
Project("{9A19103F-16F7-4668-BE54-9A1E7A4F7556}") = "OrderService.BLL", "OrderService.BLL\OrderService.BLL.csproj", "{944A9767-68D6-4808-96D0-F7C6340FDDD5}"
EndProject
Project("{9A19103F-16F7-4668-BE54-9A1E7A4F7556}") = "OrderService.DAL", "OrderService.DAL\OrderService.DAL.csproj", "{D4C7F925-F019-457A-9C9B-800AE29FCE40}"
EndProject
Global
	GlobalSection(SolutionConfigurationPlatforms) = preSolution
		Debug|Any CPU = Debug|Any CPU
		Release|Any CPU = Release|Any CPU
	EndGlobalSection
	GlobalSection(ProjectConfigurationPlatforms) = postSolution
		{2D0604D7-C693-4FC5-B9AD-2C21BBE18E12}.Debug|Any CPU.ActiveCfg = Debug|Any CPU
		{2D0604D7-C693-4FC5-B9AD-2C21BBE18E12}.Debug|Any CPU.Build.0 = Debug|Any CPU
		{2D0604D7-C693-4FC5-B9AD-2C21BBE18E12}.Release|Any CPU.ActiveCfg = Release|Any CPU
		{2D0604D7-C693-4FC5-B9AD-2C21BBE18E12}.Release|Any CPU.Build.0 = Release|Any CPU
		{944A9767-68D6-4808-96D0-F7C6340FDDD5}.Debug|Any CPU.ActiveCfg = Debug|Any CPU
		{944A9767-68D6-4808-96D0-F7C6340FDDD5}.Debug|Any CPU.Build.0 = Debug|Any CPU
		{944A9767-68D6-4808-96D0-F7C6340FDDD5}.Release|Any CPU.ActiveCfg = Release|Any CPU
		{944A9767-68D6-4808-96D0-F7C6340FDDD5}.Release|Any CPU.Build.0 = Release|Any CPU
		{D4C7F925-F019-457A-9C9B-800AE29FCE40}.Debug|Any CPU.ActiveCfg = Debug|Any CPU
		{D4C7F925-F019-457A-9C9B-800AE29FCE40}.Debug|Any CPU.Build.0 = Debug|Any CPU
		{D4C7F925-F019-457A-9C9B-800AE29FCE40}.Release|Any CPU.ActiveCfg = Release|Any CPU
		{D4C7F925-F019-457A-9C9B-800AE29FCE40}.Release|Any CPU.Build.0 = Release|Any CPU
	EndGlobalSection
	GlobalSection(SolutionProperties) = preSolution
		HideSolutionNode = FALSE
	EndGlobalSection
	GlobalSection(ExtensibilityGlobals) = postSolution
		SolutionGuid = {037ABD08-5CAC-4DB2-BCB1-B6615A876C45}
	EndGlobalSection
EndGlobal
